
Microsoft Visual Studio Solution File, Format Version 12.00
# Visual Studio 15
VisualStudioVersion = 15.0.27130.2027
MinimumVisualStudioVersion = 10.0.40219.1
Project("{9A19103F-16F7-4668-BE54-9A1E7A4F7556}") = "SunCalcNet", "SunCalcNet\SunCalcNet.csproj", "{AA26EE4E-3038-4CEE-B35D-E6C9E61382CE}"
EndProject
Project("{9A19103F-16F7-4668-BE54-9A1E7A4F7556}") = "SunCalcNet.Tests", "SunCalcNet.Tests\SunCalcNet.Tests.csproj", "{19256A20-24AC-4C68-9DD3-BCF68309E688}"
EndProject
Global
	GlobalSection(SolutionConfigurationPlatforms) = preSolution
		Debug|Any CPU = Debug|Any CPU
		Release|Any CPU = Release|Any CPU
	EndGlobalSection
	GlobalSection(ProjectConfigurationPlatforms) = postSolution
		{AA26EE4E-3038-4CEE-B35D-E6C9E61382CE}.Debug|Any CPU.ActiveCfg = Debug|Any CPU
		{AA26EE4E-3038-4CEE-B35D-E6C9E61382CE}.Debug|Any CPU.Build.0 = Debug|Any CPU
		{AA26EE4E-3038-4CEE-B35D-E6C9E61382CE}.Release|Any CPU.ActiveCfg = Release|Any CPU
		{AA26EE4E-3038-4CEE-B35D-E6C9E61382CE}.Release|Any CPU.Build.0 = Release|Any CPU
		{19256A20-24AC-4C68-9DD3-BCF68309E688}.Debug|Any CPU.ActiveCfg = Debug|Any CPU
		{19256A20-24AC-4C68-9DD3-BCF68309E688}.Debug|Any CPU.Build.0 = Debug|Any CPU
		{19256A20-24AC-4C68-9DD3-BCF68309E688}.Release|Any CPU.ActiveCfg = Release|Any CPU
		{19256A20-24AC-4C68-9DD3-BCF68309E688}.Release|Any CPU.Build.0 = Release|Any CPU
	EndGlobalSection
	GlobalSection(SolutionProperties) = preSolution
		HideSolutionNode = FALSE
	EndGlobalSection
	GlobalSection(ExtensibilityGlobals) = postSolution
		SolutionGuid = {7CA6C1B1-0D30-46FD-8650-CA14A10BF18D}
	EndGlobalSection
EndGlobal
